
Microsoft Visual Studio Solution File, Format Version 11.00
# Visual Studio 2010
Project("{FAE04EC0-301F-11D3-BF4B-00C04F79EFBC}") = "Assembly-CSharp", "Assembly-CSharp.csproj", "{2D39EB65-DE5C-B3F3-56F8-B1CD9F02210A}"
EndProject
Global
	GlobalSection(SolutionConfigurationPlatforms) = preSolution
		Debug|Any CPU = Debug|Any CPU
		Release|Any CPU = Release|Any CPU
	EndGlobalSection
	GlobalSection(ProjectConfigurationPlatforms) = postSolution
		{2D39EB65-DE5C-B3F3-56F8-B1CD9F02210A}.Debug|Any CPU.ActiveCfg = Debug|Any CPU
		{2D39EB65-DE5C-B3F3-56F8-B1CD9F02210A}.Debug|Any CPU.Build.0 = Debug|Any CPU
		{2D39EB65-DE5C-B3F3-56F8-B1CD9F02210A}.Release|Any CPU.ActiveCfg = Release|Any CPU
		{2D39EB65-DE5C-B3F3-56F8-B1CD9F02210A}.Release|Any CPU.Build.0 = Release|Any CPU
	EndGlobalSection
	GlobalSection(SolutionProperties) = preSolution
		HideSolutionNode = FALSE
	EndGlobalSection
	GlobalSection(MonoDevelopProperties) = preSolution
		StartupItem = Assembly-CSharp.csproj
	EndGlobalSection
EndGlobal
